PODS:
  - Flutter (1.0.0)
  - flutter_device_locale (0.0.1):
    - Flutter

DEPENDENCIES:
  - Flutter (from `.symlinks/flutter/ios`)
  - flutter_device_locale (from `.symlinks/plugins/flutter_device_locale/ios`)

EXTERNAL SOURCES:
  Flutter:
    :path: ".symlinks/flutter/ios"
  flutter_device_locale:
    :path: ".symlinks/plugins/flutter_device_locale/ios"

SPEC CHECKSUMS:
  Flutter: 0e3d915762c693b495b44d77113d4970485de6ec
  flutter_device_locale: bd88cfdfdcae58b2a9d5ec05389fd99631c9dca7

PODFILE CHECKSUM: b6a0a141693093b304368d08511b46cf3d1d0ac5

COCOAPODS: 1.7.5
